// !$*UTF8*$!
{
	archiveVersion = 1;
	classes = {
	};
	objectVersion = 50;
	objects = {

/* Begin PBXBuildFile section */
		2E0E8AC92172F213000BDEED /* AppDelegate.swift in Sources */ = {isa = PBXBuildFile; fileRef = 2E0E8AC82172F213000BDEED /* AppDelegate.swift */; };
		2E0E8ACB2172F215000BDEED /* Assets.xcassets in Resources */ = {isa = PBXBuildFile; fileRef = 2E0E8ACA2172F215000BDEED /* Assets.xcassets */; };
		2E0E8ACE2172F215000BDEED /* MainMenu.xib in Resources */ = {isa = PBXBuildFile; fileRef = 2E0E8ACC2172F215000BDEED /* MainMenu.xib */; };
		2E0E8AD82172F292000BDEED /* PTServerController.m in Sources */ = {isa = PBXBuildFile; fileRef = 2E0E8AD72172F292000BDEED /* PTServerController.m */; };
		2E0E8AD92172F29E000BDEED /* Peertalk.framework in Frameworks */ = {isa = PBXBuildFile; fileRef = 2EA0FBE52171BCA500596F12 /* Peertalk.framework */; };
		2E0E8ADA2172F29E000BDEED /* Peertalk.framework in Embed Frameworks */ = {isa = PBXBuildFile; fileRef = 2EA0FBE52171BCA500596F12 /* Peertalk.framework */; settings = {ATTRIBUTES = (CodeSignOnCopy, RemoveHeadersOnCopy, ); }; };
		2E0E8ADB2172F29E000BDEED /* SwiftSocket.framework in Frameworks */ = {isa = PBXBuildFile; fileRef = 2EA0FBE72172349B00596F12 /* SwiftSocket.framework */; };
		2E0E8ADC2172F29E000BDEED /* SwiftSocket.framework in Embed Frameworks */ = {isa = PBXBuildFile; fileRef = 2EA0FBE72172349B00596F12 /* SwiftSocket.framework */; settings = {ATTRIBUTES = (CodeSignOnCopy, RemoveHeadersOnCopy, ); }; };
		2EA0FBE62171BCA500596F12 /* Peertalk.framework in Frameworks */ = {isa = PBXBuildFile; fileRef = 2EA0FBE52171BCA500596F12 /* Peertalk.framework */; };
		2EA0FBE82172349B00596F12 /* SwiftSocket.framework in Frameworks */ = {isa = PBXBuildFile; fileRef = 2EA0FBE72172349B00596F12 /* SwiftSocket.framework */; };
		2EA0FBE9217235CC00596F12 /* SwiftSocket.framework in CopyFiles */ = {isa = PBXBuildFile; fileRef = 2EA0FBE72172349B00596F12 /* SwiftSocket.framework */; settings = {ATTRIBUTES = (CodeSignOnCopy, ); }; };
		2EA0FC0C21723E2900596F12 /* libswiftCore.dylib in Frameworks */ = {isa = PBXBuildFile; fileRef = 2EA0FBED2172376D00596F12 /* libswiftCore.dylib */; };
		2EA0FC1421723E8300596F12 /* libswiftFoundation.dylib in Frameworks */ = {isa = PBXBuildFile; fileRef = 2EA0FBF3217237CC00596F12 /* libswiftFoundation.dylib */; };
		2EA0FC1521723E8300596F12 /* libswiftCoreFoundation.dylib in Frameworks */ = {isa = PBXBuildFile; fileRef = 2EA0FBF0217237B900596F12 /* libswiftCoreFoundation.dylib */; };
		2EA0FC1621723E8300596F12 /* libswiftDispatch.dylib in Frameworks */ = {isa = PBXBuildFile; fileRef = 2EA0FBF2217237CC00596F12 /* libswiftDispatch.dylib */; };
		2EA0FC1721723E8300596F12 /* libswiftDarwin.dylib in Frameworks */ = {isa = PBXBuildFile; fileRef = 2EA0FBFC2172381E00596F12 /* libswiftDarwin.dylib */; };
		2EA0FC1821723E8300596F12 /* libswiftCoreGraphics.dylib in Frameworks */ = {isa = PBXBuildFile; fileRef = 2EA0FBF92172380600596F12 /* libswiftCoreGraphics.dylib */; };
		2EA0FC1921723E8300596F12 /* libswiftObjectiveC.dylib in Frameworks */ = {isa = PBXBuildFile; fileRef = 2EA0FBFF2172384700596F12 /* libswiftObjectiveC.dylib */; };
		2EA0FC1A21723E8300596F12 /* libswiftIOKit.dylib in Frameworks */ = {isa = PBXBuildFile; fileRef = 2EA0FC022172385E00596F12 /* libswiftIOKit.dylib */; };
		2EA0FC1B21723E9500596F12 /* libswiftFoundation.dylib in CopyFiles */ = {isa = PBXBuildFile; fileRef = 2EA0FBF3217237CC00596F12 /* libswiftFoundation.dylib */; settings = {ATTRIBUTES = (CodeSignOnCopy, ); }; };
		2EA0FC1C21723E9500596F12 /* libswiftCoreFoundation.dylib in CopyFiles */ = {isa = PBXBuildFile; fileRef = 2EA0FBF0217237B900596F12 /* libswiftCoreFoundation.dylib */; settings = {ATTRIBUTES = (CodeSignOnCopy, ); }; };
		2EA0FC1D21723E9500596F12 /* libswiftDispatch.dylib in CopyFiles */ = {isa = PBXBuildFile; fileRef = 2EA0FBF2217237CC00596F12 /* libswiftDispatch.dylib */; settings = {ATTRIBUTES = (CodeSignOnCopy, ); }; };
		2EA0FC1E21723E9500596F12 /* libswiftDarwin.dylib in CopyFiles */ = {isa = PBXBuildFile; fileRef = 2EA0FBFC2172381E00596F12 /* libswiftDarwin.dylib */; settings = {ATTRIBUTES = (CodeSignOnCopy, ); }; };
		2EA0FC1F21723E9500596F12 /* libswiftCoreGraphics.dylib in CopyFiles */ = {isa = PBXBuildFile; fileRef = 2EA0FBF92172380600596F12 /* libswiftCoreGraphics.dylib */; settings = {ATTRIBUTES = (CodeSignOnCopy, ); }; };
		2EA0FC2021723E9500596F12 /* libswiftObjectiveC.dylib in CopyFiles */ = {isa = PBXBuildFile; fileRef = 2EA0FBFF2172384700596F12 /* libswiftObjectiveC.dylib */; settings = {ATTRIBUTES = (CodeSignOnCopy, ); }; };
		2EA0FC2121723E9500596F12 /* libswiftIOKit.dylib in CopyFiles */ = {isa = PBXBuildFile; fileRef = 2EA0FC022172385E00596F12 /* libswiftIOKit.dylib */; settings = {ATTRIBUTES = (CodeSignOnCopy, ); }; };
		2EA0FC2321723EDC00596F12 /* libswiftSwiftOnoneSupport.dylib in Frameworks */ = {isa = PBXBuildFile; fileRef = 2EA0FC2221723EDC00596F12 /* libswiftSwiftOnoneSupport.dylib */; };
		2EA0FC2421723EE600596F12 /* libswiftSwiftOnoneSupport.dylib in CopyFiles */ = {isa = PBXBuildFile; fileRef = 2EA0FC2221723EDC00596F12 /* libswiftSwiftOnoneSupport.dylib */; settings = {ATTRIBUTES = (CodeSignOnCopy, ); }; };
/* End PBXBuildFile section */

/* Begin PBXCopyFilesBuildPhase section */
		2E0E8ADD2172F29E000BDEED /* Embed Frameworks */ = {
			isa = PBXCopyFilesBuildPhase;
			buildActionMask = 2147483647;
			dstPath = "";
			dstSubfolderSpec = 10;
			files = (
				2E0E8ADA2172F29E000BDEED /* Peertalk.framework in Embed Frameworks */,
				2E0E8ADC2172F29E000BDEED /* SwiftSocket.framework in Embed Frameworks */,
			);
			name = "Embed Frameworks";
			runOnlyForDeploymentPostprocessing = 0;
		};
		2EA0FB992171B79D00596F12 /* CopyFiles */ = {
			isa = PBXCopyFilesBuildPhase;
			buildActionMask = 12;
			dstPath = "";
			dstSubfolderSpec = 16;
			files = (
				2EA0FBE9217235CC00596F12 /* SwiftSocket.framework in CopyFiles */,
				2EA0FC1B21723E9500596F12 /* libswiftFoundation.dylib in CopyFiles */,
				2EA0FC1C21723E9500596F12 /* libswiftCoreFoundation.dylib in CopyFiles */,
				2EA0FC1D21723E9500596F12 /* libswiftDispatch.dylib in CopyFiles */,
				2EA0FC1E21723E9500596F12 /* libswiftDarwin.dylib in CopyFiles */,
				2EA0FC1F21723E9500596F12 /* libswiftCoreGraphics.dylib in CopyFiles */,
				2EA0FC2021723E9500596F12 /* libswiftObjectiveC.dylib in CopyFiles */,
				2EA0FC2421723EE600596F12 /* libswiftSwiftOnoneSupport.dylib in CopyFiles */,
				2EA0FC2121723E9500596F12 /* libswiftIOKit.dylib in CopyFiles */,
			);
			runOnlyForDeploymentPostprocessing = 0;
		};
/* End PBXCopyFilesBuildPhase section */

/* Begin PBXFileReference section */
		2E0E8AC62172F213000BDEED /* RHPassthrough.app */ = {isa = PBXFileReference; explicitFileType = wrapper.application; includeInIndex = 0; path = RHPassthrough.app; sourceTree = BUILT_PRODUCTS_DIR; };
		2E0E8AC82172F213000BDEED /* AppDelegate.swift */ = {isa = PBXFileReference; lastKnownFileType = sourcecode.swift; path = AppDelegate.swift; sourceTree = "<group>"; };
		2E0E8ACA2172F215000BDEED /* Assets.xcassets */ = {isa = PBXFileReference; lastKnownFileType = folder.assetcatalog; path = Assets.xcassets; sourceTree = "<group>"; };
		2E0E8ACD2172F215000BDEED /* Base */ = {isa = PBXFileReference; lastKnownFileType = file.xib; name = Base; path = Base.lproj/MainMenu.xib; sourceTree = "<group>"; };
		2E0E8ACF2172F215000BDEED /* Info.plist */ = {isa = PBXFileReference; lastKnownFileType = text.plist.xml; path = Info.plist; sourceTree = "<group>"; };
		2E0E8AD02172F215000BDEED /* Recorder_Hero_macOS_Passthrough.entitlements */ = {isa = PBXFileReference; lastKnownFileType = text.plist.entitlements; path = Recorder_Hero_macOS_Passthrough.entitlements; sourceTree = "<group>"; };
		2E0E8AD52172F292000BDEED /* PTServerController.h */ = {isa = PBXFileReference; fileEncoding = 4; lastKnownFileType = sourcecode.c.h; path = PTServerController.h; sourceTree = "<group>"; };
		2E0E8AD62172F292000BDEED /* Bridging Header.h */ = {isa = PBXFileReference; fileEncoding = 4; lastKnownFileType = sourcecode.c.h; path = "Bridging Header.h"; sourceTree = "<group>"; };
		2E0E8AD72172F292000BDEED /* PTServerController.m */ = {isa = PBXFileReference; fileEncoding = 4; lastKnownFileType = sourcecode.c.objc; path = PTServerController.m; sourceTree = "<group>"; };
		2EA0FB9B2171B79D00596F12 /* Recorder Hero macOS */ = {isa = PBXFileReference; explicitFileType = "compiled.mach-o.executable"; includeInIndex = 0; path = "Recorder Hero macOS"; sourceTree = BUILT_PRODUCTS_DIR; };
		2EA0FBE52171BCA500596F12 /* Peertalk.framework */ = {isa = PBXFileReference; explicitFileType = wrapper.framework; path = Peertalk.framework; sourceTree = BUILT_PRODUCTS_DIR; };
		2EA0FBE72172349B00596F12 /* SwiftSocket.framework */ = {isa = PBXFileReference; lastKnownFileType = wrapper.framework; name = SwiftSocket.framework; path = Carthage/Build/Mac/SwiftSocket.framework; sourceTree = "<group>"; };
		2EA0FBED2172376D00596F12 /* libswiftCore.dylib */ = {isa = PBXFileReference; lastKnownFileType = "compiled.mach-o.dylib"; name = libswiftCore.dylib; path = ../Frameworks/libswiftCore.dylib; sourceTree = DEVELOPER_DIR; };
		2EA0FBF0217237B900596F12 /* libswiftCoreFoundation.dylib */ = {isa = PBXFileReference; lastKnownFileType = "compiled.mach-o.dylib"; name = libswiftCoreFoundation.dylib; path = ../Frameworks/libswiftCoreFoundation.dylib; sourceTree = DEVELOPER_DIR; };
		2EA0FBF2217237CC00596F12 /* libswiftDispatch.dylib */ = {isa = PBXFileReference; lastKnownFileType = "compiled.mach-o.dylib"; name = libswiftDispatch.dylib; path = ../Frameworks/libswiftDispatch.dylib; sourceTree = DEVELOPER_DIR; };
		2EA0FBF3217237CC00596F12 /* libswiftFoundation.dylib */ = {isa = PBXFileReference; lastKnownFileType = "compiled.mach-o.dylib"; name = libswiftFoundation.dylib; path = ../Frameworks/libswiftFoundation.dylib; sourceTree = DEVELOPER_DIR; };
		2EA0FBF92172380600596F12 /* libswiftCoreGraphics.dylib */ = {isa = PBXFileReference; lastKnownFileType = "compiled.mach-o.dylib"; name = libswiftCoreGraphics.dylib; path = ../Frameworks/libswiftCoreGraphics.dylib; sourceTree = DEVELOPER_DIR; };
		2EA0FBFC2172381E00596F12 /* libswiftDarwin.dylib */ = {isa = PBXFileReference; lastKnownFileType = "compiled.mach-o.dylib"; name = libswiftDarwin.dylib; path = ../Frameworks/libswiftDarwin.dylib; sourceTree = DEVELOPER_DIR; };
		2EA0FBFF2172384700596F12 /* libswiftObjectiveC.dylib */ = {isa = PBXFileReference; lastKnownFileType = "compiled.mach-o.dylib"; name = libswiftObjectiveC.dylib; path = ../Frameworks/libswiftObjectiveC.dylib; sourceTree = DEVELOPER_DIR; };
		2EA0FC022172385E00596F12 /* libswiftIOKit.dylib */ = {isa = PBXFileReference; lastKnownFileType = "compiled.mach-o.dylib"; name = libswiftIOKit.dylib; path = ../../../../../../Frameworks/libswiftIOKit.dylib; sourceTree = SDKROOT; };
		2EA0FC2221723EDC00596F12 /* libswiftSwiftOnoneSupport.dylib */ = {isa = PBXFileReference; lastKnownFileType = "compiled.mach-o.dylib"; name = libswiftSwiftOnoneSupport.dylib; path = /Applications/Xcode.app/Contents/Developer/Platforms/MacOSX.platform/Developer/SDKs/MacOSX10.14.sdk/../../../../../../../../../System/Library/PrivateFrameworks/Swift/libswiftSwiftOnoneSupport.dylib; sourceTree = "<absolute>"; };
/* End PBXFileReference section */

/* Begin PBXFrameworksBuildPhase section */
		2E0E8AC32172F213000BDEED /* Frameworks */ = {
			isa = PBXFrameworksBuildPhase;
			buildActionMask = 2147483647;
			files = (
				2E0E8AD92172F29E000BDEED /* Peertalk.framework in Frameworks */,
				2E0E8ADB2172F29E000BDEED /* SwiftSocket.framework in Frameworks */,
			);
			runOnlyForDeploymentPostprocessing = 0;
		};
		2EA0FB982171B79D00596F12 /* Frameworks */ = {
			isa = PBXFrameworksBuildPhase;
			buildActionMask = 2147483647;
			files = (
				2EA0FBE62171BCA500596F12 /* Peertalk.framework in Frameworks */,
				2EA0FC0C21723E2900596F12 /* libswiftCore.dylib in Frameworks */,
				2EA0FC1421723E8300596F12 /* libswiftFoundation.dylib in Frameworks */,
				2EA0FC1521723E8300596F12 /* libswiftCoreFoundation.dylib in Frameworks */,
				2EA0FC1621723E8300596F12 /* libswiftDispatch.dylib in Frameworks */,
				2EA0FC1721723E8300596F12 /* libswiftDarwin.dylib in Frameworks */,
				2EA0FC1821723E8300596F12 /* libswiftCoreGraphics.dylib in Frameworks */,
				2EA0FC1921723E8300596F12 /* libswiftObjectiveC.dylib in Frameworks */,
				2EA0FC1A21723E8300596F12 /* libswiftIOKit.dylib in Frameworks */,
				2EA0FC2321723EDC00596F12 /* libswiftSwiftOnoneSupport.dylib in Frameworks */,
				2EA0FBE82172349B00596F12 /* SwiftSocket.framework in Frameworks */,
			);
			runOnlyForDeploymentPostprocessing = 0;
		};
/* End PBXFrameworksBuildPhase section */

/* Begin PBXGroup section */
		2E0E8AC72172F213000BDEED /* Recorder Hero macOS Passthrough */ = {
			isa = PBXGroup;
			children = (
				2E0E8AD42172F292000BDEED /* Peertalk Server */,
				2E0E8AC82172F213000BDEED /* AppDelegate.swift */,
				2E0E8ACA2172F215000BDEED /* Assets.xcassets */,
				2E0E8ACC2172F215000BDEED /* MainMenu.xib */,
				2E0E8ACF2172F215000BDEED /* Info.plist */,
				2E0E8AD02172F215000BDEED /* Recorder_Hero_macOS_Passthrough.entitlements */,
			);
			path = "Recorder Hero macOS Passthrough";
			sourceTree = "<group>";
		};
		2E0E8AD42172F292000BDEED /* Peertalk Server */ = {
			isa = PBXGroup;
			children = (
				2E0E8AD52172F292000BDEED /* PTServerController.h */,
				2E0E8AD62172F292000BDEED /* Bridging Header.h */,
				2E0E8AD72172F292000BDEED /* PTServerController.m */,
			);
			path = "Peertalk Server";
			sourceTree = "<group>";
		};
		2EA0FB922171B79D00596F12 = {
			isa = PBXGroup;
			children = (
				2E0E8AC72172F213000BDEED /* Recorder Hero macOS Passthrough */,
				2EA0FB9C2171B79D00596F12 /* Products */,
				2EA0FBE42171BCA500596F12 /* Frameworks */,
			);
			sourceTree = "<group>";
		};
		2EA0FB9C2171B79D00596F12 /* Products */ = {
			isa = PBXGroup;
			children = (
				2EA0FB9B2171B79D00596F12 /* Recorder Hero macOS */,
				2E0E8AC62172F213000BDEED /* RHPassthrough.app */,
			);
			name = Products;
			sourceTree = "<group>";
		};
		2EA0FBE42171BCA500596F12 /* Frameworks */ = {
			isa = PBXGroup;
			children = (
				2EA0FBE52171BCA500596F12 /* Peertalk.framework */,
				2EA0FBE72172349B00596F12 /* SwiftSocket.framework */,
				2EA0FBED2172376D00596F12 /* libswiftCore.dylib */,
				2EA0FBF3217237CC00596F12 /* libswiftFoundation.dylib */,
				2EA0FBF0217237B900596F12 /* libswiftCoreFoundation.dylib */,
				2EA0FBF2217237CC00596F12 /* libswiftDispatch.dylib */,
				2EA0FBFC2172381E00596F12 /* libswiftDarwin.dylib */,
				2EA0FBF92172380600596F12 /* libswiftCoreGraphics.dylib */,
				2EA0FBFF2172384700596F12 /* libswiftObjectiveC.dylib */,
				2EA0FC022172385E00596F12 /* libswiftIOKit.dylib */,
				2EA0FC2221723EDC00596F12 /* libswiftSwiftOnoneSupport.dylib */,
			);
			name = Frameworks;
			sourceTree = "<group>";
		};
/* End PBXGroup section */

/* Begin PBXNativeTarget section */
		2E0E8AC52172F213000BDEED /* RHPassthrough */ = {
			isa = PBXNativeTarget;
			buildConfigurationList = 2E0E8AD12172F215000BDEED /* Build configuration list for PBXNativeTarget "RHPassthrough" */;
			buildPhases = (
				2E0E8AC22172F213000BDEED /* Sources */,
				2E0E8AC32172F213000BDEED /* Frameworks */,
				2E0E8AC42172F213000BDEED /* Resources */,
				2E0E8ADD2172F29E000BDEED /* Embed Frameworks */,
			);
			buildRules = (
			);
			dependencies = (
			);
			name = RHPassthrough;
			productName = "Recorder Hero macOS Passthrough";
			productReference = 2E0E8AC62172F213000BDEED /* RHPassthrough.app */;
			productType = "com.apple.product-type.application";
		};
		2EA0FB9A2171B79D00596F12 /* Recorder Hero macOS */ = {
			isa = PBXNativeTarget;
			buildConfigurationList = 2EA0FBA22171B79D00596F12 /* Build configuration list for PBXNativeTarget "Recorder Hero macOS" */;
			buildPhases = (
				2EA0FB992171B79D00596F12 /* CopyFiles */,
				2EA0FB972171B79D00596F12 /* Sources */,
				2EA0FB982171B79D00596F12 /* Frameworks */,
			);
			buildRules = (
			);
			dependencies = (
			);
			name = "Recorder Hero macOS";
			productName = "Recorder Hero macOS";
			productReference = 2EA0FB9B2171B79D00596F12 /* Recorder Hero macOS */;
			productType = "com.apple.product-type.tool";
		};
/* End PBXNativeTarget section */

/* Begin PBXProject section */
		2EA0FB932171B79D00596F12 /* Project object */ = {
			isa = PBXProject;
			attributes = {
				LastSwiftUpdateCheck = 1000;
				LastUpgradeCheck = 1000;
				ORGANIZATIONNAME = Helluva;
				TargetAttributes = {
					2E0E8AC52172F213000BDEED = {
						CreatedOnToolsVersion = 10.0;
						SystemCapabilities = {
							com.apple.Sandbox = {
								enabled = 0;
							};
						};
					};
					2EA0FB9A2171B79D00596F12 = {
						CreatedOnToolsVersion = 10.0;
					};
				};
			};
			buildConfigurationList = 2EA0FB962171B79D00596F12 /* Build configuration list for PBXProject "Recorder Hero macOS" */;
			compatibilityVersion = "Xcode 9.3";
			developmentRegion = en;
			hasScannedForEncodings = 0;
			knownRegions = (
				en,
				Base,
			);
			mainGroup = 2EA0FB922171B79D00596F12;
			productRefGroup = 2EA0FB9C2171B79D00596F12 /* Products */;
			projectDirPath = "";
			projectRoot = "";
			targets = (
				2EA0FB9A2171B79D00596F12 /* Recorder Hero macOS */,
				2E0E8AC52172F213000BDEED /* RHPassthrough */,
			);
		};
/* End PBXProject section */

/* Begin PBXResourcesBuildPhase section */
		2E0E8AC42172F213000BDEED /* Resources */ = {
			isa = PBXResourcesBuildPhase;
			buildActionMask = 2147483647;
			files = (
				2E0E8ACB2172F215000BDEED /* Assets.xcassets in Resources */,
				2E0E8ACE2172F215000BDEED /* MainMenu.xib in Resources */,
			);
			runOnlyForDeploymentPostprocessing = 0;
		};
/* End PBXResourcesBuildPhase section */

/* Begin PBXSourcesBuildPhase section */
		2E0E8AC22172F213000BDEED /* Sources */ = {
			isa = PBXSourcesBuildPhase;
			buildActionMask = 2147483647;
			files = (
				2E0E8AD82172F292000BDEED /* PTServerController.m in Sources */,
				2E0E8AC92172F213000BDEED /* AppDelegate.swift in Sources */,
			);
			runOnlyForDeploymentPostprocessing = 0;
		};
		2EA0FB972171B79D00596F12 /* Sources */ = {
			isa = PBXSourcesBuildPhase;
			buildActionMask = 2147483647;
			files = (
			);
			runOnlyForDeploymentPostprocessing = 0;
		};
/* End PBXSourcesBuildPhase section */

/* Begin PBXVariantGroup section */
		2E0E8ACC2172F215000BDEED /* MainMenu.xib */ = {
			isa = PBXVariantGroup;
			children = (
				2E0E8ACD2172F215000BDEED /* Base */,
			);
			name = MainMenu.xib;
			sourceTree = "<group>";
		};
/* End PBXVariantGroup section */

/* Begin XCBuildConfiguration section */
		2E0E8AD22172F215000BDEED /* Debug */ = {
			isa = XCBuildConfiguration;
			buildSettings = {
				ASSETCATALOG_COMPILER_APPICON_NAME = AppIcon;
				CLANG_WARN_OBJC_IMPLICIT_RETAIN_SELF = NO;
				CODE_SIGN_STYLE = Automatic;
				COMBINE_HIDPI_IMAGES = YES;
				DEVELOPMENT_TEAM = FZ89A5SZ7C;
				FRAMEWORK_SEARCH_PATHS = (
					"$(inherited)",
					"$(PROJECT_DIR)/Carthage/Build/Mac",
				);
				INFOPLIST_FILE = "Recorder Hero macOS Passthrough/Info.plist";
				LD_RUNPATH_SEARCH_PATHS = (
					"$(inherited)",
					"@executable_path/../Frameworks",
				);
				PRODUCT_BUNDLE_IDENTIFIER = "tech.gatech.helluva.Recorder-Hero-macOS-Passthrough";
				PRODUCT_NAME = "$(TARGET_NAME)";
				SWIFT_OBJC_BRIDGING_HEADER = "Recorder Hero macOS Passthrough/Peertalk Server/Bridging Header.h";
				SWIFT_VERSION = 4.2;
			};
			name = Debug;
		};
		2E0E8AD32172F215000BDEED /* Release */ = {
			isa = XCBuildConfiguration;
			buildSettings = {
				ASSETCATALOG_COMPILER_APPICON_NAME = AppIcon;
				CLANG_WARN_OBJC_IMPLICIT_RETAIN_SELF = NO;
				CODE_SIGN_STYLE = Automatic;
				COMBINE_HIDPI_IMAGES = YES;
				DEVELOPMENT_TEAM = FZ89A5SZ7C;
				FRAMEWORK_SEARCH_PATHS = (
					"$(inherited)",
					"$(PROJECT_DIR)/Carthage/Build/Mac",
				);
				INFOPLIST_FILE = "Recorder Hero macOS Passthrough/Info.plist";
				LD_RUNPATH_SEARCH_PATHS = (
					"$(inherited)",
					"@executable_path/../Frameworks",
				);
				PRODUCT_BUNDLE_IDENTIFIER = "tech.gatech.helluva.Recorder-Hero-macOS-Passthrough";
				PRODUCT_NAME = "$(TARGET_NAME)";
				SWIFT_OBJC_BRIDGING_HEADER = "Recorder Hero macOS Passthrough/Peertalk Server/Bridging Header.h";
				SWIFT_VERSION = 4.2;
			};
			name = Release;
		};
		2EA0FBA02171B79D00596F12 /* Debug */ = {
			isa = XCBuildConfiguration;
			buildSettings = {
				ALWAYS_SEARCH_USER_PATHS = NO;
				CLANG_ANALYZER_NONNULL = YES;
				CLANG_ANALYZER_NUMBER_OBJECT_CONVERSION = YES_AGGRESSIVE;
				CLANG_CXX_LANGUAGE_STANDARD = "gnu++14";
				CLANG_CXX_LIBRARY = "libc++";
				CLANG_ENABLE_MODULES = YES;
				CLANG_ENABLE_OBJC_ARC = YES;
				CLANG_ENABLE_OBJC_WEAK = YES;
				CLANG_WARN_BLOCK_CAPTURE_AUTORELEASING = YES;
				CLANG_WARN_BOOL_CONVERSION = YES;
				CLANG_WARN_COMMA = YES;
				CLANG_WARN_CONSTANT_CONVERSION = YES;
				CLANG_WARN_DEPRECATED_OBJC_IMPLEMENTATIONS = YES;
				CLANG_WARN_DIRECT_OBJC_ISA_USAGE = YES_ERROR;
				CLANG_WARN_DOCUMENTATION_COMMENTS = YES;
				CLANG_WARN_EMPTY_BODY = YES;
				CLANG_WARN_ENUM_CONVERSION = YES;
				CLANG_WARN_INFINITE_RECURSION = YES;
				CLANG_WARN_INT_CONVERSION = YES;
				CLANG_WARN_NON_LITERAL_NULL_CONVERSION = YES;
				CLANG_WARN_OBJC_IMPLICIT_RETAIN_SELF = YES;
				CLANG_WARN_OBJC_LITERAL_CONVERSION = YES;
				CLANG_WARN_OBJC_ROOT_CLASS = YES_ERROR;
				CLANG_WARN_RANGE_LOOP_ANALYSIS = YES;
				CLANG_WARN_STRICT_PROTOTYPES = YES;
				CLANG_WARN_SUSPICIOUS_MOVE = YES;
				CLANG_WARN_UNGUARDED_AVAILABILITY = YES_AGGRESSIVE;
				CLANG_WARN_UNREACHABLE_CODE = YES;
				CLANG_WARN__DUPLICATE_METHOD_MATCH = YES;
				CODE_SIGN_IDENTITY = "Mac Developer";
				COPY_PHASE_STRIP = NO;
				DEBUG_INFORMATION_FORMAT = dwarf;
				ENABLE_STRICT_OBJC_MSGSEND = YES;
				ENABLE_TESTABILITY = YES;
				GCC_C_LANGUAGE_STANDARD = gnu11;
				GCC_DYNAMIC_NO_PIC = NO;
				GCC_NO_COMMON_BLOCKS = YES;
				GCC_OPTIMIZATION_LEVEL = 0;
				GCC_PREPROCESSOR_DEFINITIONS = (
					"DEBUG=1",
					"$(inherited)",
				);
				GCC_WARN_64_TO_32_BIT_CONVERSION = YES;
				GCC_WARN_ABOUT_RETURN_TYPE = YES_ERROR;
				GCC_WARN_UNDECLARED_SELECTOR = YES;
				GCC_WARN_UNINITIALIZED_AUTOS = YES_AGGRESSIVE;
				GCC_WARN_UNUSED_FUNCTION = YES;
				GCC_WARN_UNUSED_VARIABLE = YES;
				MACOSX_DEPLOYMENT_TARGET = 10.14;
				MTL_ENABLE_DEBUG_INFO = INCLUDE_SOURCE;
				MTL_FAST_MATH = YES;
				ONLY_ACTIVE_ARCH = YES;
				SDKROOT = macosx;
				SWIFT_ACTIVE_COMPILATION_CONDITIONS = DEBUG;
				SWIFT_OPTIMIZATION_LEVEL = "-Onone";
			};
			name = Debug;
		};
		2EA0FBA12171B79D00596F12 /* Release */ = {
			isa = XCBuildConfiguration;
			buildSettings = {
				ALWAYS_SEARCH_USER_PATHS = NO;
				CLANG_ANALYZER_NONNULL = YES;
				CLANG_ANALYZER_NUMBER_OBJECT_CONVERSION = YES_AGGRESSIVE;
				CLANG_CXX_LANGUAGE_STANDARD = "gnu++14";
				CLANG_CXX_LIBRARY = "libc++";
				CLANG_ENABLE_MODULES = YES;
				CLANG_ENABLE_OBJC_ARC = YES;
				CLANG_ENABLE_OBJC_WEAK = YES;
				CLANG_WARN_BLOCK_CAPTURE_AUTORELEASING = YES;
				CLANG_WARN_BOOL_CONVERSION = YES;
				CLANG_WARN_COMMA = YES;
				CLANG_WARN_CONSTANT_CONVERSION = YES;
				CLANG_WARN_DEPRECATED_OBJC_IMPLEMENTATIONS = YES;
				CLANG_WARN_DIRECT_OBJC_ISA_USAGE = YES_ERROR;
				CLANG_WARN_DOCUMENTATION_COMMENTS = YES;
				CLANG_WARN_EMPTY_BODY = YES;
				CLANG_WARN_ENUM_CONVERSION = YES;
				CLANG_WARN_INFINITE_RECURSION = YES;
				CLANG_WARN_INT_CONVERSION = YES;
				CLANG_WARN_NON_LITERAL_NULL_CONVERSION = YES;
				CLANG_WARN_OBJC_IMPLICIT_RETAIN_SELF = YES;
				CLANG_WARN_OBJC_LITERAL_CONVERSION = YES;
				CLANG_WARN_OBJC_ROOT_CLASS = YES_ERROR;
				CLANG_WARN_RANGE_LOOP_ANALYSIS = YES;
				CLANG_WARN_STRICT_PROTOTYPES = YES;
				CLANG_WARN_SUSPICIOUS_MOVE = YES;
				CLANG_WARN_UNGUARDED_AVAILABILITY = YES_AGGRESSIVE;
				CLANG_WARN_UNREACHABLE_CODE = YES;
				CLANG_WARN__DUPLICATE_METHOD_MATCH = YES;
				CODE_SIGN_IDENTITY = "Mac Developer";
				COPY_PHASE_STRIP = NO;
				DEBUG_INFORMATION_FORMAT = "dwarf-with-dsym";
				ENABLE_NS_ASSERTIONS = NO;
				ENABLE_STRICT_OBJC_MSGSEND = YES;
				GCC_C_LANGUAGE_STANDARD = gnu11;
				GCC_NO_COMMON_BLOCKS = YES;
				GCC_WARN_64_TO_32_BIT_CONVERSION = YES;
				GCC_WARN_ABOUT_RETURN_TYPE = YES_ERROR;
				GCC_WARN_UNDECLARED_SELECTOR = YES;
				GCC_WARN_UNINITIALIZED_AUTOS = YES_AGGRESSIVE;
				GCC_WARN_UNUSED_FUNCTION = YES;
				GCC_WARN_UNUSED_VARIABLE = YES;
				MACOSX_DEPLOYMENT_TARGET = 10.14;
				MTL_ENABLE_DEBUG_INFO = NO;
				MTL_FAST_MATH = YES;
				SDKROOT = macosx;
				SWIFT_COMPILATION_MODE = wholemodule;
				SWIFT_OPTIMIZATION_LEVEL = "-O";
			};
			name = Release;
		};
		2EA0FBA32171B79D00596F12 /* Debug */ = {
			isa = XCBuildConfiguration;
			buildSettings = {
				ALWAYS_EMBED_SWIFT_STANDARD_LIBRARIES = NO;
				CLANG_WARN_OBJC_IMPLICIT_RETAIN_SELF = NO;
				CODE_SIGN_STYLE = Automatic;
				DEVELOPMENT_TEAM = FZ89A5SZ7C;
				FRAMEWORK_SEARCH_PATHS = (
					"$(inherited)",
					"$(PROJECT_DIR)/Carthage/Build/Mac",
				);
				LIBRARY_SEARCH_PATHS = (
					"$(inherited)",
					"$(SDKROOT)/../../../../../../Frameworks",
					"$(SYSTEM_LIBRARY_DIR)/PrivateFrameworks/Swift",
				);
				PRODUCT_NAME = "$(TARGET_NAME)";
				SWIFT_OBJC_BRIDGING_HEADER = "Recorder Hero macOS/Peertalk Server/Bridging Header.h";
				SWIFT_VERSION = 4.2;
			};
			name = Debug;
		};
		2EA0FBA42171B79D00596F12 /* Release */ = {
			isa = XCBuildConfiguration;
			buildSettings = {
				ALWAYS_EMBED_SWIFT_STANDARD_LIBRARIES = NO;
				CLANG_WARN_OBJC_IMPLICIT_RETAIN_SELF = NO;
				CODE_SIGN_STYLE = Automatic;
				DEVELOPMENT_TEAM = FZ89A5SZ7C;
				FRAMEWORK_SEARCH_PATHS = (
					"$(inherited)",
					"$(PROJECT_DIR)/Carthage/Build/Mac",
				);
				LIBRARY_SEARCH_PATHS = (
					"$(inherited)",
					"$(SDKROOT)/../../../../../../Frameworks",
					"$(SYSTEM_LIBRARY_DIR)/PrivateFrameworks/Swift",
				);
				PRODUCT_NAME = "$(TARGET_NAME)";
				SWIFT_OBJC_BRIDGING_HEADER = "Recorder Hero macOS/Peertalk Server/Bridging Header.h";
				SWIFT_VERSION = 4.2;
			};
			name = Release;
		};
/* End XCBuildConfiguration section */

/* Begin XCConfigurationList section */
		2E0E8AD12172F215000BDEED /* Build configuration list for PBXNativeTarget "RHPassthrough" */ = {
			isa = XCConfigurationList;
			buildConfigurations = (
				2E0E8AD22172F215000BDEED /* Debug */,
				2E0E8AD32172F215000BDEED /* Release */,
			);
			defaultConfigurationIsVisible = 0;
			defaultConfigurationName = Release;
		};
		2EA0FB962171B79D00596F12 /* Build configuration list for PBXProject "Recorder Hero macOS" */ = {
			isa = XCConfigurationList;
			buildConfigurations = (
				2EA0FBA02171B79D00596F12 /* Debug */,
				2EA0FBA12171B79D00596F12 /* Release */,
			);
			defaultConfigurationIsVisible = 0;
			defaultConfigurationName = Release;
		};
		2EA0FBA22171B79D00596F12 /* Build configuration list for PBXNativeTarget "Recorder Hero macOS" */ = {
			isa = XCConfigurationList;
			buildConfigurations = (
				2EA0FBA32171B79D00596F12 /* Debug */,
				2EA0FBA42171B79D00596F12 /* Release */,
			);
			defaultConfigurationIsVisible = 0;
			defaultConfigurationName = Release;
		};
/* End XCConfigurationList section */
	};
	rootObject = 2EA0FB932171B79D00596F12 /* Project object */;
}
